
Microsoft Visual Studio Solution File, Format Version 12.00
# Visual Studio Version 17
VisualStudioVersion = 17.14.36301.6 d17.14
MinimumVisualStudioVersion = 10.0.40219.1
Project("{E24C65DC-7377-472B-9ABA-BC803B73C61A}") = "Site", ".", "{D617B7F3-A1F8-30BA-F8EE-257EE9E68A2B}"
	ProjectSection(WebsiteProperties) = preProject
		TargetFrameworkMoniker = ".NETFramework,Version%3Dv4.8"
		Debug.AspNetCompiler.VirtualPath = "/localhost_52690"
		Debug.AspNetCompiler.PhysicalPath = "..\..\..\Desktop\Old\Project\Site\"
		Debug.AspNetCompiler.TargetPath = "PrecompiledWeb\localhost_52690\"
		Debug.AspNetCompiler.Updateable = "true"
		Debug.AspNetCompiler.ForceOverwrite = "true"
		Debug.AspNetCompiler.FixedNames = "false"
		Debug.AspNetCompiler.Debug = "True"
		Release.AspNetCompiler.VirtualPath = "/localhost_52690"
		Release.AspNetCompiler.PhysicalPath = "..\..\..\Desktop\Old\Project\Site\"
		Release.AspNetCompiler.TargetPath = "PrecompiledWeb\localhost_52690\"
		Release.AspNetCompiler.Updateable = "true"
		Release.AspNetCompiler.ForceOverwrite = "true"
		Release.AspNetCompiler.FixedNames = "false"
		Release.AspNetCompiler.Debug = "False"
		VWDPort = "52690"
	EndProjectSection
EndProject
Global
	GlobalSection(SolutionConfigurationPlatforms) = preSolution
		Debug|Any CPU = Debug|Any CPU
	EndGlobalSection
	GlobalSection(ProjectConfigurationPlatforms) = postSolution
		{D617B7F3-A1F8-30BA-F8EE-257EE9E68A2B}.Debug|Any CPU.ActiveCfg = Debug|Any CPU
		{D617B7F3-A1F8-30BA-F8EE-257EE9E68A2B}.Debug|Any CPU.Build.0 = Debug|Any CPU
	EndGlobalSection
	GlobalSection(SolutionProperties) = preSolution
		HideSolutionNode = FALSE
	EndGlobalSection
	GlobalSection(ExtensibilityGlobals) = postSolution
		SolutionGuid = {B7F9DCEB-858C-4F1B-9658-3B573C2865EF}
	EndGlobalSection
EndGlobal
